// !$*UTF8*$!
{
	archiveVersion = 1;
	classes = {
	};
	objectVersion = 46;
	objects = {

/* Begin PBXBuildFile section */
		8AAE4E361B031A3100543C1D /* AppDelegate.swift in Sources */ = {isa = PBXBuildFile; fileRef = 8AAE4E351B031A3100543C1D /* AppDelegate.swift */; };
		8AAE4E381B031A3100543C1D /* ViewController.swift in Sources */ = {isa = PBXBuildFile; fileRef = 8AAE4E371B031A3100543C1D /* ViewController.swift */; };
		8AAE4E3B1B031A3100543C1D /* Main.storyboard in Resources */ = {isa = PBXBuildFile; fileRef = 8AAE4E391B031A3100543C1D /* Main.storyboard */; };
		8AAE4E3D1B031A3100543C1D /* Images.xcassets in Resources */ = {isa = PBXBuildFile; fileRef = 8AAE4E3C1B031A3100543C1D /* Images.xcassets */; };
		8AAE4E401B031A3100543C1D /* LaunchScreen.xib in Resources */ = {isa = PBXBuildFile; fileRef = 8AAE4E3E1B031A3100543C1D /* LaunchScreen.xib */; };
		8AAE4E4C1B031A3200543C1D /* Pitch_PerfectTests.swift in Sources */ = {isa = PBXBuildFile; fileRef = 8AAE4E4B1B031A3200543C1D /* Pitch_PerfectTests.swift */; };
/* End PBXBuildFile section */

/* Begin PBXContainerItemProxy section */
		8AAE4E461B031A3200543C1D /* PBXContainerItemProxy */ = {
			isa = PBXContainerItemProxy;
			containerPortal = 8AAE4E281B031A3100543C1D /* Project object */;
			proxyType = 1;
			remoteGlobalIDString = 8AAE4E2F1B031A3100543C1D;
			remoteInfo = "Pitch Perfect";
		};
/* End PBXContainerItemProxy section */

/* Begin PBXFileReference section */
		8AAE4E301B031A3100543C1D /* Pitch Perfect.app */ = {isa = PBXFileReference; explicitFileType = wrapper.application; includeInIndex = 0; path = "Pitch Perfect.app"; sourceTree = BUILT_PRODUCTS_DIR; };
		8AAE4E341B031A3100543C1D /* Info.plist */ = {isa = PBXFileReference; lastKnownFileType = text.plist.xml; path = Info.plist; sourceTree = "<group>"; };
		8AAE4E351B031A3100543C1D /* AppDelegate.swift */ = {isa = PBXFileReference; lastKnownFileType = sourcecode.swift; path = AppDelegate.swift; sourceTree = "<group>"; };
		8AAE4E371B031A3100543C1D /* ViewController.swift */ = {isa = PBXFileReference; lastKnownFileType = sourcecode.swift; path = ViewController.swift; sourceTree = "<group>"; };
		8AAE4E3A1B031A3100543C1D /* Base */ = {isa = PBXFileReference; lastKnownFileType = file.storyboard; name = Base; path = Base.lproj/Main.storyboard; sourceTree = "<group>"; };
		8AAE4E3C1B031A3100543C1D /* Images.xcassets */ = {isa = PBXFileReference; lastKnownFileType = folder.assetcatalog; path = Images.xcassets; sourceTree = "<group>"; };
		8AAE4E3F1B031A3100543C1D /* Base */ = {isa = PBXFileReference; lastKnownFileType = file.xib; name = Base; path = Base.lproj/LaunchScreen.xib; sourceTree = "<group>"; };
		8AAE4E451B031A3200543C1D /* Pitch PerfectTests.xctest */ = {isa = PBXFileReference; explicitFileType = wrapper.cfbundle; includeInIndex = 0; path = "Pitch PerfectTests.xctest"; sourceTree = BUILT_PRODUCTS_DIR; };
		8AAE4E4A1B031A3200543C1D /* Info.plist */ = {isa = PBXFileReference; lastKnownFileType = text.plist.xml; path = Info.plist; sourceTree = "<group>"; };
		8AAE4E4B1B031A3200543C1D /* Pitch_PerfectTests.swift */ = {isa = PBXFileReference; lastKnownFileType = sourcecode.swift; path = Pitch_PerfectTests.swift; sourceTree = "<group>"; };
/* End PBXFileReference section */

/* Begin PBXFrameworksBuildPhase section */
		8AAE4E2D1B031A3100543C1D /* Frameworks */ = {
			isa = PBXFrameworksBuildPhase;
			buildActionMask = 2147483647;
			files = (
			);
			runOnlyForDeploymentPostprocessing = 0;
		};
		8AAE4E421B031A3200543C1D /* Frameworks */ = {
			isa = PBXFrameworksBuildPhase;
			buildActionMask = 2147483647;
			files = (
			);
			runOnlyForDeploymentPostprocessing = 0;
		};
/* End PBXFrameworksBuildPhase section */

/* Begin PBXGroup section */
		8AAE4E271B031A3100543C1D = {
			isa = PBXGroup;
			children = (
				8AAE4E321B031A3100543C1D /* Pitch Perfect */,
				8AAE4E481B031A3200543C1D /* Pitch PerfectTests */,
				8AAE4E311B031A3100543C1D /* Products */,
			);
			sourceTree = "<group>";
		};
		8AAE4E311B031A3100543C1D /* Products */ = {
			isa = PBXGroup;
			children = (
				8AAE4E301B031A3100543C1D /* Pitch Perfect.app */,
				8AAE4E451B031A3200543C1D /* Pitch PerfectTests.xctest */,
			);
			name = Products;
			sourceTree = "<group>";
		};
		8AAE4E321B031A3100543C1D /* Pitch Perfect */ = {
			isa = PBXGroup;
			children = (
				8AAE4E351B031A3100543C1D /* AppDelegate.swift */,
				8AAE4E371B031A3100543C1D /* ViewController.swift */,
				8AAE4E391B031A3100543C1D /* Main.storyboard */,
				8AAE4E3C1B031A3100543C1D /* Images.xcassets */,
				8AAE4E3E1B031A3100543C1D /* LaunchScreen.xib */,
				8AAE4E331B031A3100543C1D /* Supporting Files */,
			);
			path = "Pitch Perfect";
			sourceTree = "<group>";
		};
		8AAE4E331B031A3100543C1D /* Supporting Files */ = {
			isa = PBXGroup;
			children = (
				8AAE4E341B031A3100543C1D /* Info.plist */,
			);
			name = "Supporting Files";
			sourceTree = "<group>";
		};
		8AAE4E481B031A3200543C1D /* Pitch PerfectTests */ = {
			isa = PBXGroup;
			children = (
				8AAE4E4B1B031A3200543C1D /* Pitch_PerfectTests.swift */,
				8AAE4E491B031A3200543C1D /* Supporting Files */,
			);
			path = "Pitch PerfectTests";
			sourceTree = "<group>";
		};
		8AAE4E491B031A3200543C1D /* Supporting Files */ = {
			isa = PBXGroup;
			children = (
				8AAE4E4A1B031A3200543C1D /* Info.plist */,
			);
			name = "Supporting Files";
			sourceTree = "<group>";
		};
/* End PBXGroup section */

/* Begin PBXNativeTarget section */
		8AAE4E2F1B031A3100543C1D /* Pitch Perfect */ = {
			isa = PBXNativeTarget;
			buildConfigurationList = 8AAE4E4F1B031A3200543C1D /* Build configuration list for PBXNativeTarget "Pitch Perfect" */;
			buildPhases = (
				8AAE4E2C1B031A3100543C1D /* Sources */,
				8AAE4E2D1B031A3100543C1D /* Frameworks */,
				8AAE4E2E1B031A3100543C1D /* Resources */,
			);
			buildRules = (
			);
			dependencies = (
			);
			name = "Pitch Perfect";
			productName = "Pitch Perfect";
			productReference = 8AAE4E301B031A3100543C1D /* Pitch Perfect.app */;
			productType = "com.apple.product-type.application";
		};
		8AAE4E441B031A3200543C1D /* Pitch PerfectTests */ = {
			isa = PBXNativeTarget;
			buildConfigurationList = 8AAE4E521B031A3200543C1D /* Build configuration list for PBXNativeTarget "Pitch PerfectTests" */;
			buildPhases = (
				8AAE4E411B031A3200543C1D /* Sources */,
				8AAE4E421B031A3200543C1D /* Frameworks */,
				8AAE4E431B031A3200543C1D /* Resources */,
			);
			buildRules = (
			);
			dependencies = (
				8AAE4E471B031A3200543C1D /* PBXTargetDependency */,
			);
			name = "Pitch PerfectTests";
			productName = "Pitch PerfectTests";
			productReference = 8AAE4E451B031A3200543C1D /* Pitch PerfectTests.xctest */;
			productType = "com.apple.product-type.bundle.unit-test";
		};
/* End PBXNativeTarget section */

/* Begin PBXProject section */
		8AAE4E281B031A3100543C1D /* Project object */ = {
			isa = PBXProject;
			attributes = {
				LastUpgradeCheck = 0630;
				ORGANIZATIONNAME = "Edward Chen";
				TargetAttributes = {
					8AAE4E2F1B031A3100543C1D = {
						CreatedOnToolsVersion = 6.3.1;
					};
					8AAE4E441B031A3200543C1D = {
						CreatedOnToolsVersion = 6.3.1;
						TestTargetID = 8AAE4E2F1B031A3100543C1D;
					};
				};
			};
			buildConfigurationList = 8AAE4E2B1B031A3100543C1D /* Build configuration list for PBXProject "Pitch Perfect" */;
			compatibilityVersion = "Xcode 3.2";
			developmentRegion = English;
			hasScannedForEncodings = 0;
			knownRegions = (
				en,
				Base,
			);
			mainGroup = 8AAE4E271B031A3100543C1D;
			productRefGroup = 8AAE4E311B031A3100543C1D /* Products */;
			projectDirPath = "";
			projectRoot = "";
			targets = (
				8AAE4E2F1B031A3100543C1D /* Pitch Perfect */,
				8AAE4E441B031A3200543C1D /* Pitch PerfectTests */,
			);
		};
/* End PBXProject section */

/* Begin PBXResourcesBuildPhase section */
		8AAE4E2E1B031A3100543C1D /* Resources */ = {
			isa = PBXResourcesBuildPhase;
			buildActionMask = 2147483647;
			files = (
				8AAE4E3B1B031A3100543C1D /* Main.storyboard in Resources */,
				8AAE4E401B031A3100543C1D /* LaunchScreen.xib in Resources */,
				8AAE4E3D1B031A3100543C1D /* Images.xcassets in Resources */,
			);
			runOnlyForDeploymentPostprocessing = 0;
		};
		8AAE4E431B031A3200543C1D /* Resources */ = {
			isa = PBXResourcesBuildPhase;
			buildActionMask = 2147483647;
			files = (
			);
			runOnlyForDeploymentPostprocessing = 0;
		};
/* End PBXResourcesBuildPhase section */

/* Begin PBXSourcesBuildPhase section */
		8AAE4E2C1B031A3100543C1D /* Sources */ = {
			isa = PBXSourcesBuildPhase;
			buildActionMask = 2147483647;
			files = (
				8AAE4E381B031A3100543C1D /* ViewController.swift in Sources */,
				8AAE4E361B031A3100543C1D /* AppDelegate.swift in Sources */,
			);
			runOnlyForDeploymentPostprocessing = 0;
		};
		8AAE4E411B031A3200543C1D /* Sources */ = {
			isa = PBXSourcesBuildPhase;
			buildActionMask = 2147483647;
			files = (
				8AAE4E4C1B031A3200543C1D /* Pitch_PerfectTests.swift in Sources */,
			);
			runOnlyForDeploymentPostprocessing = 0;
		};
/* End PBXSourcesBuildPhase section */

/* Begin PBXTargetDependency section */
		8AAE4E471B031A3200543C1D /* PBXTargetDependency */ = {
			isa = PBXTargetDependency;
			target = 8AAE4E2F1B031A3100543C1D /* Pitch Perfect */;
			targetProxy = 8AAE4E461B031A3200543C1D /* PBXContainerItemProxy */;
		};
/* End PBXTargetDependency section */

/* Begin PBXVariantGroup section */
		8AAE4E391B031A3100543C1D /* Main.storyboard */ = {
			isa = PBXVariantGroup;
			children = (
				8AAE4E3A1B031A3100543C1D /* Base */,
			);
			name = Main.storyboard;
			sourceTree = "<group>";
		};
		8AAE4E3E1B031A3100543C1D /* LaunchScreen.xib */ = {
			isa = PBXVariantGroup;
			children = (
				8AAE4E3F1B031A3100543C1D /* Base */,
			);
			name = LaunchScreen.xib;
			sourceTree = "<group>";
		};
/* End PBXVariantGroup section */

/* Begin XCBuildConfiguration section */
		8AAE4E4D1B031A3200543C1D /* Debug */ = {
			isa = XCBuildConfiguration;
			buildSettings = {
				ALWAYS_SEARCH_USER_PATHS = NO;
				CLANG_CXX_LANGUAGE_STANDARD = "gnu++0x";
				CLANG_CXX_LIBRARY = "libc++";
				CLANG_ENABLE_MODULES = YES;
				CLANG_ENABLE_OBJC_ARC = YES;
				CLANG_WARN_BOOL_CONVERSION = YES;
				CLANG_WARN_CONSTANT_CONVERSION = YES;
				CLANG_WARN_DIRECT_OBJC_ISA_USAGE = YES_ERROR;
				CLANG_WARN_EMPTY_BODY = YES;
				CLANG_WARN_ENUM_CONVERSION = YES;
				CLANG_WARN_INT_CONVERSION = YES;
				CLANG_WARN_OBJC_ROOT_CLASS = YES_ERROR;
				CLANG_WARN_UNREACHABLE_CODE = YES;
				CLANG_WARN__DUPLICATE_METHOD_MATCH = YES;
				"CODE_SIGN_IDENTITY[sdk=iphoneos*]" = "iPhone Developer";
				COPY_PHASE_STRIP = NO;
				DEBUG_INFORMATION_FORMAT = "dwarf-with-dsym";
				ENABLE_STRICT_OBJC_MSGSEND = YES;
				GCC_C_LANGUAGE_STANDARD = gnu99;
				GCC_DYNAMIC_NO_PIC = NO;
				GCC_NO_COMMON_BLOCKS = YES;
				GCC_OPTIMIZATION_LEVEL = 0;
				GCC_PREPROCESSOR_DEFINITIONS = (
					"DEBUG=1",
					"$(inherited)",
				);
				GCC_SYMBOLS_PRIVATE_EXTERN = NO;
				GCC_WARN_64_TO_32_BIT_CONVERSION = YES;
				GCC_WARN_ABOUT_RETURN_TYPE = YES_ERROR;
				GCC_WARN_UNDECLARED_SELECTOR = YES;
				GCC_WARN_UNINITIALIZED_AUTOS = YES_AGGRESSIVE;
				GCC_WARN_UNUSED_FUNCTION = YES;
				GCC_WARN_UNUSED_VARIABLE = YES;
				IPHONEOS_DEPLOYMENT_TARGET = 8.3;
				MTL_ENABLE_DEBUG_INFO = YES;
				ONLY_ACTIVE_ARCH = YES;
				SDKROOT = iphoneos;
				SWIFT_OPTIMIZATION_LEVEL = "-Onone";
			};
			name = Debug;
		};
		8AAE4E4E1B031A3200543C1D /* Release */ = {
			isa = XCBuildConfiguration;
			buildSettings = {
				ALWAYS_SEARCH_USER_PATHS = NO;
				CLANG_CXX_LANGUAGE_STANDARD = "gnu++0x";
				CLANG_CXX_LIBRARY = "libc++";
				CLANG_ENABLE_MODULES = YES;
				CLANG_ENABLE_OBJC_ARC = YES;
				CLANG_WARN_BOOL_CONVERSION = YES;
				CLANG_WARN_CONSTANT_CONVERSION = YES;
				CLANG_WARN_DIRECT_OBJC_ISA_USAGE = YES_ERROR;
				CLANG_WARN_EMPTY_BODY = YES;
				CLANG_WARN_ENUM_CONVERSION = YES;
				CLANG_WARN_INT_CONVERSION = YES;
				CLANG_WARN_OBJC_ROOT_CLASS = YES_ERROR;
				CLANG_WARN_UNREACHABLE_CODE = YES;
				CLANG_WARN__DUPLICATE_METHOD_MATCH = YES;
				"CODE_SIGN_IDENTITY[sdk=iphoneos*]" = "iPhone Developer";
				COPY_PHASE_STRIP = NO;
				DEBUG_INFORMATION_FORMAT = "dwarf-with-dsym";
				ENABLE_NS_ASSERTIONS = NO;
				ENABLE_STRICT_OBJC_MSGSEND = YES;
				GCC_C_LANGUAGE_STANDARD = gnu99;
				GCC_NO_COMMON_BLOCKS = YES;
				GCC_WARN_64_TO_32_BIT_CONVERSION = YES;
				GCC_WARN_ABOUT_RETURN_TYPE = YES_ERROR;
				GCC_WARN_UNDECLARED_SELECTOR = YES;
				GCC_WARN_UNINITIALIZED_AUTOS = YES_AGGRESSIVE;
				GCC_WARN_UNUSED_FUNCTION = YES;
				GCC_WARN_UNUSED_VARIABLE = YES;
				IPHONEOS_DEPLOYMENT_TARGET = 8.3;
				MTL_ENABLE_DEBUG_INFO = NO;
				SDKROOT = iphoneos;
				VALIDATE_PRODUCT = YES;
			};
			name = Release;
		};
		8AAE4E501B031A3200543C1D /* Debug */ = {
			isa = XCBuildConfiguration;
			buildSettings = {
				ASSETCATALOG_COMPILER_APPICON_NAME = AppIcon;
				INFOPLIST_FILE = "Pitch Perfect/Info.plist";
				LD_RUNPATH_SEARCH_PATHS = "$(inherited) @executable_path/Frameworks";
				PRODUCT_NAME = "$(TARGET_NAME)";
			};
			name = Debug;
		};
		8AAE4E511B031A3200543C1D /* Release */ = {
			isa = XCBuildConfiguration;
			buildSettings = {
				ASSETCATALOG_COMPILER_APPICON_NAME = AppIcon;
				INFOPLIST_FILE = "Pitch Perfect/Info.plist";
				LD_RUNPATH_SEARCH_PATHS = "$(inherited) @executable_path/Frameworks";
				PRODUCT_NAME = "$(TARGET_NAME)";
			};
			name = Release;
		};
		8AAE4E531B031A3200543C1D /* Debug */ = {
			isa = XCBuildConfiguration;
			buildSettings = {
				BUNDLE_LOADER = "$(TEST_HOST)";
				FRAMEWORK_SEARCH_PATHS = (
					"$(SDKROOT)/Developer/Library/Frameworks",
					"$(inherited)",
				);
				GCC_PREPROCESSOR_DEFINITIONS = (
					"DEBUG=1",
					"$(inherited)",
				);
				INFOPLIST_FILE = "Pitch PerfectTests/Info.plist";
				LD_RUNPATH_SEARCH_PATHS = "$(inherited) @executable_path/Frameworks @loader_path/Frameworks";
				PRODUCT_NAME = "$(TARGET_NAME)";
				TEST_HOST = "$(BUILT_PRODUCTS_DIR)/Pitch Perfect.app/Pitch Perfect";
			};
			name = Debug;
		};
		8AAE4E541B031A3200543C1D /* Release */ = {
			isa = XCBuildConfiguration;
			buildSettings = {
				BUNDLE_LOADER = "$(TEST_HOST)";
				FRAMEWORK_SEARCH_PATHS = (
					"$(SDKROOT)/Developer/Library/Frameworks",
					"$(inherited)",
				);
				INFOPLIST_FILE = "Pitch PerfectTests/Info.plist";
				LD_RUNPATH_SEARCH_PATHS = "$(inherited) @executable_path/Frameworks @loader_path/Frameworks";
				PRODUCT_NAME = "$(TARGET_NAME)";
				TEST_HOST = "$(BUILT_PRODUCTS_DIR)/Pitch Perfect.app/Pitch Perfect";
			};
			name = Release;
		};
/* End XCBuildConfiguration section */

/* Begin XCConfigurationList section */
		8AAE4E2B1B031A3100543C1D /* Build configuration list for PBXProject "Pitch Perfect" */ = {
			isa = XCConfigurationList;
			buildConfigurations = (
				8AAE4E4D1B031A3200543C1D /* Debug */,
				8AAE4E4E1B031A3200543C1D /* Release */,
			);
			defaultConfigurationIsVisible = 0;
			defaultConfigurationName = Release;
		};
		8AAE4E4F1B031A3200543C1D /* Build configuration list for PBXNativeTarget "Pitch Perfect" */ = {
			isa = XCConfigurationList;
			buildConfigurations = (
				8AAE4E501B031A3200543C1D /* Debug */,
				8AAE4E511B031A3200543C1D /* Release */,
			);
			defaultConfigurationIsVisible = 0;
		};
		8AAE4E521B031A3200543C1D /* Build configuration list for PBXNativeTarget "Pitch PerfectTests" */ = {
			isa = XCConfigurationList;
			buildConfigurations = (
				8AAE4E531B031A3200543C1D /* Debug */,
				8AAE4E541B031A3200543C1D /* Release */,
			);
			defaultConfigurationIsVisible = 0;
		};
/* End XCConfigurationList section */
	};
	rootObject = 8AAE4E281B031A3100543C1D /* Project object */;
}
